Microsoft Visual Studio Solution File, Format Version 12.00
# Visual Studio Version 17
VisualStudioVersion = 17.1.32210.238
MinimumVisualStudioVersion = 10.0.40219.1
Project("{9A19103F-16F7-4668-BE54-9A1E7A4F7556}") = "MessengerCloud", "MessengerCloud\MessengerCloud.csproj", "{B88E15E3-6B08-47A0-AF75-A696D950EBE3}"
EndProject
Project("{9A19103F-16F7-4668-BE54-9A1E7A4F7556}") = "NotificationServer", "NotificationServer\NotificationServer.csproj", "{B7EF7D22-F5E8-4F7D-8E9C-D5F0443E0391}"
EndProject
Project("{9A19103F-16F7-4668-BE54-9A1E7A4F7556}") = "SecureStorage", "..\..\SecureStorage\SecureStorage.csproj", "{E55AC9EC-7A4B-453D-806A-EF7387CADA75}"
EndProject
Project("{9A19103F-16F7-4668-BE54-9A1E7A4F7556}") = "EncryptedMessaging", "..\..\EncryptedMessaging\EncryptedMessaging\EncryptedMessaging.csproj", "{672354DF-15BD-4303-B087-F29BC308CFFE}"
EndProject
Project("{9A19103F-16F7-4668-BE54-9A1E7A4F7556}") = "CommunicationChannel", "..\..\EncryptedMessaging\CommunicationChannel\CommunicationChannel.csproj", "{F07EC75A-6CEE-4972-8F93-B7E4EEBC3371}"
EndProject
Project("{9A19103F-16F7-4668-BE54-9A1E7A4F7556}") = "MessengerStorage", "MessengerStorage\MessengerStorage.csproj", "{576FED08-0E25-47FA-B4EE-4A952EE1A191}"
EndProject
Project("{2150E333-8FDC-42A3-9474-1A3956D46DE8}") = "Elementi di soluzione", "Elementi di soluzione", "{F8636D0D-9C2B-4584-BC18-34D052888CBD}"
	ProjectSection(SolutionItems) = preProject
		LICENSE.md = LICENSE.md
		README.md = README.md
	EndProjectSection
EndProject
Global
	GlobalSection(SolutionConfigurationPlatforms) = preSolution
		DEBUG_A|Any CPU = DEBUG_A|Any CPU
		DEBUG_ALI|Any CPU = DEBUG_ALI|Any CPU
		DEBUG_AND|Any CPU = DEBUG_AND|Any CPU
		DEBUG_B|Any CPU = DEBUG_B|Any CPU
		DEBUG_FAI|Any CPU = DEBUG_FAI|Any CPU
		DEBUG_MUS|Any CPU = DEBUG_MUS|Any CPU
		DEBUG_RAM_SOCIAL|Any CPU = DEBUG_RAM_SOCIAL|Any CPU
		DEBUG_RAM|Any CPU = DEBUG_RAM|Any CPU
		DEBUG_ZUB|Any CPU = DEBUG_ZUB|Any CPU
		Debug|Any CPU = Debug|Any CPU
		rDebug|Any CPU = rDebug|Any CPU
		Release|Any CPU = Release|Any CPU
	EndGlobalSection
	GlobalSection(ProjectConfigurationPlatforms) = postSolution
		{B88E15E3-6B08-47A0-AF75-A696D950EBE3}.DEBUG_A|Any CPU.ActiveCfg = Debug|Any CPU
		{B88E15E3-6B08-47A0-AF75-A696D950EBE3}.DEBUG_A|Any CPU.Build.0 = Debug|Any CPU
		{B88E15E3-6B08-47A0-AF75-A696D950EBE3}.DEBUG_ALI|Any CPU.ActiveCfg = Debug|Any CPU
		{B88E15E3-6B08-47A0-AF75-A696D950EBE3}.DEBUG_ALI|Any CPU.Build.0 = Debug|Any CPU
		{B88E15E3-6B08-47A0-AF75-A696D950EBE3}.DEBUG_AND|Any CPU.ActiveCfg = Debug|Any CPU
		{B88E15E3-6B08-47A0-AF75-A696D950EBE3}.DEBUG_AND|Any CPU.Build.0 = Debug|Any CPU
		{B88E15E3-6B08-47A0-AF75-A696D950EBE3}.DEBUG_B|Any CPU.ActiveCfg = Debug|Any CPU
		{B88E15E3-6B08-47A0-AF75-A696D950EBE3}.DEBUG_B|Any CPU.Build.0 = Debug|Any CPU
		{B88E15E3-6B08-47A0-AF75-A696D950EBE3}.DEBUG_FAI|Any CPU.ActiveCfg = Debug|Any CPU
		{B88E15E3-6B08-47A0-AF75-A696D950EBE3}.DEBUG_FAI|Any CPU.Build.0 = Debug|Any CPU
		{B88E15E3-6B08-47A0-AF75-A696D950EBE3}.DEBUG_MUS|Any CPU.ActiveCfg = Debug|Any CPU
		{B88E15E3-6B08-47A0-AF75-A696D950EBE3}.DEBUG_MUS|Any CPU.Build.0 = Debug|Any CPU
		{B88E15E3-6B08-47A0-AF75-A696D950EBE3}.DEBUG_RAM_SOCIAL|Any CPU.ActiveCfg = Debug|Any CPU
		{B88E15E3-6B08-47A0-AF75-A696D950EBE3}.DEBUG_RAM_SOCIAL|Any CPU.Build.0 = Debug|Any CPU
		{B88E15E3-6B08-47A0-AF75-A696D950EBE3}.DEBUG_RAM|Any CPU.ActiveCfg = DEBUG_RAM|Any CPU
		{B88E15E3-6B08-47A0-AF75-A696D950EBE3}.DEBUG_RAM|Any CPU.Build.0 = DEBUG_RAM|Any CPU
		{B88E15E3-6B08-47A0-AF75-A696D950EBE3}.DEBUG_ZUB|Any CPU.ActiveCfg = Debug|Any CPU
		{B88E15E3-6B08-47A0-AF75-A696D950EBE3}.DEBUG_ZUB|Any CPU.Build.0 = Debug|Any CPU
		{B88E15E3-6B08-47A0-AF75-A696D950EBE3}.Debug|Any CPU.ActiveCfg = Debug|Any CPU
		{B88E15E3-6B08-47A0-AF75-A696D950EBE3}.Debug|Any CPU.Build.0 = Debug|Any CPU
		{B88E15E3-6B08-47A0-AF75-A696D950EBE3}.rDebug|Any CPU.ActiveCfg = rDebug|Any CPU
		{B88E15E3-6B08-47A0-AF75-A696D950EBE3}.rDebug|Any CPU.Build.0 = rDebug|Any CPU
		{B88E15E3-6B08-47A0-AF75-A696D950EBE3}.Release|Any CPU.ActiveCfg = Release|Any CPU
		{B88E15E3-6B08-47A0-AF75-A696D950EBE3}.Release|Any CPU.Build.0 = Release|Any CPU
		{B7EF7D22-F5E8-4F7D-8E9C-D5F0443E0391}.DEBUG_A|Any CPU.ActiveCfg = Debug|Any CPU
		{B7EF7D22-F5E8-4F7D-8E9C-D5F0443E0391}.DEBUG_A|Any CPU.Build.0 = Debug|Any CPU
		{B7EF7D22-F5E8-4F7D-8E9C-D5F0443E0391}.DEBUG_ALI|Any CPU.ActiveCfg = Debug|Any CPU
		{B7EF7D22-F5E8-4F7D-8E9C-D5F0443E0391}.DEBUG_ALI|Any CPU.Build.0 = Debug|Any CPU
		{B7EF7D22-F5E8-4F7D-8E9C-D5F0443E0391}.DEBUG_AND|Any CPU.ActiveCfg = Debug|Any CPU
		{B7EF7D22-F5E8-4F7D-8E9C-D5F0443E0391}.DEBUG_AND|Any CPU.Build.0 = Debug|Any CPU
		{B7EF7D22-F5E8-4F7D-8E9C-D5F0443E0391}.DEBUG_B|Any CPU.ActiveCfg = Debug|Any CPU
		{B7EF7D22-F5E8-4F7D-8E9C-D5F0443E0391}.DEBUG_B|Any CPU.Build.0 = Debug|Any CPU
		{B7EF7D22-F5E8-4F7D-8E9C-D5F0443E0391}.DEBUG_FAI|Any CPU.ActiveCfg = Debug|Any CPU
		{B7EF7D22-F5E8-4F7D-8E9C-D5F0443E0391}.DEBUG_FAI|Any CPU.Build.0 = Debug|Any CPU
		{B7EF7D22-F5E8-4F7D-8E9C-D5F0443E0391}.DEBUG_MUS|Any CPU.ActiveCfg = Debug|Any CPU
		{B7EF7D22-F5E8-4F7D-8E9C-D5F0443E0391}.DEBUG_MUS|Any CPU.Build.0 = Debug|Any CPU
		{B7EF7D22-F5E8-4F7D-8E9C-D5F0443E0391}.DEBUG_RAM_SOCIAL|Any CPU.ActiveCfg = Debug|Any CPU
		{B7EF7D22-F5E8-4F7D-8E9C-D5F0443E0391}.DEBUG_RAM_SOCIAL|Any CPU.Build.0 = Debug|Any CPU
		{B7EF7D22-F5E8-4F7D-8E9C-D5F0443E0391}.DEBUG_RAM|Any CPU.ActiveCfg = Debug|Any CPU
		{B7EF7D22-F5E8-4F7D-8E9C-D5F0443E0391}.DEBUG_RAM|Any CPU.Build.0 = Debug|Any CPU
		{B7EF7D22-F5E8-4F7D-8E9C-D5F0443E0391}.DEBUG_ZUB|Any CPU.ActiveCfg = Debug|Any CPU
		{B7EF7D22-F5E8-4F7D-8E9C-D5F0443E0391}.DEBUG_ZUB|Any CPU.Build.0 = Debug|Any CPU
		{B7EF7D22-F5E8-4F7D-8E9C-D5F0443E0391}.Debug|Any CPU.ActiveCfg = Debug|Any CPU
		{B7EF7D22-F5E8-4F7D-8E9C-D5F0443E0391}.Debug|Any CPU.Build.0 = Debug|Any CPU
		{B7EF7D22-F5E8-4F7D-8E9C-D5F0443E0391}.rDebug|Any CPU.ActiveCfg = rDebug|Any CPU
		{B7EF7D22-F5E8-4F7D-8E9C-D5F0443E0391}.rDebug|Any CPU.Build.0 = rDebug|Any CPU
		{B7EF7D22-F5E8-4F7D-8E9C-D5F0443E0391}.Release|Any CPU.ActiveCfg = Release|Any CPU
		{B7EF7D22-F5E8-4F7D-8E9C-D5F0443E0391}.Release|Any CPU.Build.0 = Release|Any CPU
		{E55AC9EC-7A4B-453D-806A-EF7387CADA75}.DEBUG_A|Any CPU.ActiveCfg = DEBUG_A|Any CPU
		{E55AC9EC-7A4B-453D-806A-EF7387CADA75}.DEBUG_A|Any CPU.Build.0 = DEBUG_A|Any CPU
		{E55AC9EC-7A4B-453D-806A-EF7387CADA75}.DEBUG_ALI|Any CPU.ActiveCfg = DEBUG_ALI|Any CPU
		{E55AC9EC-7A4B-453D-806A-EF7387CADA75}.DEBUG_ALI|Any CPU.Build.0 = DEBUG_ALI|Any CPU
		{E55AC9EC-7A4B-453D-806A-EF7387CADA75}.DEBUG_AND|Any CPU.ActiveCfg = DEBUG_AND|Any CPU
		{E55AC9EC-7A4B-453D-806A-EF7387CADA75}.DEBUG_AND|Any CPU.Build.0 = DEBUG_AND|Any CPU
		{E55AC9EC-7A4B-453D-806A-EF7387CADA75}.DEBUG_B|Any CPU.ActiveCfg = DEBUG_B|Any CPU
		{E55AC9EC-7A4B-453D-806A-EF7387CADA75}.DEBUG_B|Any CPU.Build.0 = DEBUG_B|Any CPU
		{E55AC9EC-7A4B-453D-806A-EF7387CADA75}.DEBUG_FAI|Any CPU.ActiveCfg = DEBUG_FAI|Any CPU
		{E55AC9EC-7A4B-453D-806A-EF7387CADA75}.DEBUG_FAI|Any CPU.Build.0 = DEBUG_FAI|Any CPU
		{E55AC9EC-7A4B-453D-806A-EF7387CADA75}.DEBUG_MUS|Any CPU.ActiveCfg = DEBUG_MUS|Any CPU
		{E55AC9EC-7A4B-453D-806A-EF7387CADA75}.DEBUG_MUS|Any CPU.Build.0 = DEBUG_MUS|Any CPU
		{E55AC9EC-7A4B-453D-806A-EF7387CADA75}.DEBUG_RAM_SOCIAL|Any CPU.ActiveCfg = DEBUG_RAM_SOCIAL|Any CPU
		{E55AC9EC-7A4B-453D-806A-EF7387CADA75}.DEBUG_RAM_SOCIAL|Any CPU.Build.0 = DEBUG_RAM_SOCIAL|Any CPU
		{E55AC9EC-7A4B-453D-806A-EF7387CADA75}.DEBUG_RAM|Any CPU.ActiveCfg = DEBUG_RAM|Any CPU
		{E55AC9EC-7A4B-453D-806A-EF7387CADA75}.DEBUG_RAM|Any CPU.Build.0 = DEBUG_RAM|Any CPU
		{E55AC9EC-7A4B-453D-806A-EF7387CADA75}.DEBUG_ZUB|Any CPU.ActiveCfg = DEBUG_ZUB|Any CPU
		{E55AC9EC-7A4B-453D-806A-EF7387CADA75}.DEBUG_ZUB|Any CPU.Build.0 = DEBUG_ZUB|Any CPU
		{E55AC9EC-7A4B-453D-806A-EF7387CADA75}.Debug|Any CPU.ActiveCfg = Debug|Any CPU
		{E55AC9EC-7A4B-453D-806A-EF7387CADA75}.Debug|Any CPU.Build.0 = Debug|Any CPU
		{E55AC9EC-7A4B-453D-806A-EF7387CADA75}.rDebug|Any CPU.ActiveCfg = rDebug|Any CPU
		{E55AC9EC-7A4B-453D-806A-EF7387CADA75}.rDebug|Any CPU.Build.0 = rDebug|Any CPU
		{E55AC9EC-7A4B-453D-806A-EF7387CADA75}.Release|Any CPU.ActiveCfg = Release|Any CPU
		{E55AC9EC-7A4B-453D-806A-EF7387CADA75}.Release|Any CPU.Build.0 = Release|Any CPU
		{672354DF-15BD-4303-B087-F29BC308CFFE}.DEBUG_A|Any CPU.ActiveCfg = DEBUG_A|Any CPU
		{672354DF-15BD-4303-B087-F29BC308CFFE}.DEBUG_A|Any CPU.Build.0 = DEBUG_A|Any CPU
		{672354DF-15BD-4303-B087-F29BC308CFFE}.DEBUG_ALI|Any CPU.ActiveCfg = DEBUG_ALI|Any CPU
		{672354DF-15BD-4303-B087-F29BC308CFFE}.DEBUG_ALI|Any CPU.Build.0 = DEBUG_ALI|Any CPU
		{672354DF-15BD-4303-B087-F29BC308CFFE}.DEBUG_AND|Any CPU.ActiveCfg = DEBUG_AND|Any CPU
		{672354DF-15BD-4303-B087-F29BC308CFFE}.DEBUG_AND|Any CPU.Build.0 = DEBUG_AND|Any CPU
		{672354DF-15BD-4303-B087-F29BC308CFFE}.DEBUG_B|Any CPU.ActiveCfg = DEBUG_B|Any CPU
		{672354DF-15BD-4303-B087-F29BC308CFFE}.DEBUG_B|Any CPU.Build.0 = DEBUG_B|Any CPU
		{672354DF-15BD-4303-B087-F29BC308CFFE}.DEBUG_FAI|Any CPU.ActiveCfg = DEBUG_FAI|Any CPU
		{672354DF-15BD-4303-B087-F29BC308CFFE}.DEBUG_FAI|Any CPU.Build.0 = DEBUG_FAI|Any CPU
		{672354DF-15BD-4303-B087-F29BC308CFFE}.DEBUG_MUS|Any CPU.ActiveCfg = DEBUG_MUS|Any CPU
		{672354DF-15BD-4303-B087-F29BC308CFFE}.DEBUG_MUS|Any CPU.Build.0 = DEBUG_MUS|Any CPU
		{672354DF-15BD-4303-B087-F29BC308CFFE}.DEBUG_RAM_SOCIAL|Any CPU.ActiveCfg = DEBUG_RAM_SOCIAL|Any CPU
		{672354DF-15BD-4303-B087-F29BC308CFFE}.DEBUG_RAM_SOCIAL|Any CPU.Build.0 = DEBUG_RAM_SOCIAL|Any CPU
		{672354DF-15BD-4303-B087-F29BC308CFFE}.DEBUG_RAM|Any CPU.ActiveCfg = DEBUG_RAM|Any CPU
		{672354DF-15BD-4303-B087-F29BC308CFFE}.DEBUG_RAM|Any CPU.Build.0 = DEBUG_RAM|Any CPU
		{672354DF-15BD-4303-B087-F29BC308CFFE}.DEBUG_ZUB|Any CPU.ActiveCfg = DEBUG_ZUB|Any CPU
		{672354DF-15BD-4303-B087-F29BC308CFFE}.DEBUG_ZUB|Any CPU.Build.0 = DEBUG_ZUB|Any CPU
		{672354DF-15BD-4303-B087-F29BC308CFFE}.Debug|Any CPU.ActiveCfg = Debug|Any CPU
		{672354DF-15BD-4303-B087-F29BC308CFFE}.Debug|Any CPU.Build.0 = Debug|Any CPU
		{672354DF-15BD-4303-B087-F29BC308CFFE}.rDebug|Any CPU.ActiveCfg = rDebug|Any CPU
		{672354DF-15BD-4303-B087-F29BC308CFFE}.rDebug|Any CPU.Build.0 = rDebug|Any CPU
		{672354DF-15BD-4303-B087-F29BC308CFFE}.Release|Any CPU.ActiveCfg = Release|Any CPU
		{672354DF-15BD-4303-B087-F29BC308CFFE}.Release|Any CPU.Build.0 = Release|Any CPU
		{F07EC75A-6CEE-4972-8F93-B7E4EEBC3371}.DEBUG_A|Any CPU.ActiveCfg = DEBUG_A|Any CPU
		{F07EC75A-6CEE-4972-8F93-B7E4EEBC3371}.DEBUG_A|Any CPU.Build.0 = DEBUG_A|Any CPU
		{F07EC75A-6CEE-4972-8F93-B7E4EEBC3371}.DEBUG_ALI|Any CPU.ActiveCfg = DEBUG_ALI|Any CPU
		{F07EC75A-6CEE-4972-8F93-B7E4EEBC3371}.DEBUG_ALI|Any CPU.Build.0 = DEBUG_ALI|Any CPU
		{F07EC75A-6CEE-4972-8F93-B7E4EEBC3371}.DEBUG_AND|Any CPU.ActiveCfg = DEBUG_AND|Any CPU
		{F07EC75A-6CEE-4972-8F93-B7E4EEBC3371}.DEBUG_AND|Any CPU.Build.0 = DEBUG_AND|Any CPU
		{F07EC75A-6CEE-4972-8F93-B7E4EEBC3371}.DEBUG_B|Any CPU.ActiveCfg = DEBUG_B|Any CPU
		{F07EC75A-6CEE-4972-8F93-B7E4EEBC3371}.DEBUG_B|Any CPU.Build.0 = DEBUG_B|Any CPU
		{F07EC75A-6CEE-4972-8F93-B7E4EEBC3371}.DEBUG_FAI|Any CPU.ActiveCfg = DEBUG_FAI|Any CPU
		{F07EC75A-6CEE-4972-8F93-B7E4EEBC3371}.DEBUG_FAI|Any CPU.Build.0 = DEBUG_FAI|Any CPU
		{F07EC75A-6CEE-4972-8F93-B7E4EEBC3371}.DEBUG_MUS|Any CPU.ActiveCfg = DEBUG_MUS|Any CPU
		{F07EC75A-6CEE-4972-8F93-B7E4EEBC3371}.DEBUG_MUS|Any CPU.Build.0 = DEBUG_MUS|Any CPU
		{F07EC75A-6CEE-4972-8F93-B7E4EEBC3371}.DEBUG_RAM_SOCIAL|Any CPU.ActiveCfg = DEBUG_RAM_SOCIAL|Any CPU
		{F07EC75A-6CEE-4972-8F93-B7E4EEBC3371}.DEBUG_RAM_SOCIAL|Any CPU.Build.0 = DEBUG_RAM_SOCIAL|Any CPU
		{F07EC75A-6CEE-4972-8F93-B7E4EEBC3371}.DEBUG_RAM|Any CPU.ActiveCfg = DEBUG_RAM|Any CPU
		{F07EC75A-6CEE-4972-8F93-B7E4EEBC3371}.DEBUG_RAM|Any CPU.Build.0 = DEBUG_RAM|Any CPU
		{F07EC75A-6CEE-4972-8F93-B7E4EEBC3371}.DEBUG_ZUB|Any CPU.ActiveCfg = DEBUG_ZUB|Any CPU
		{F07EC75A-6CEE-4972-8F93-B7E4EEBC3371}.DEBUG_ZUB|Any CPU.Build.0 = DEBUG_ZUB|Any CPU
		{F07EC75A-6CEE-4972-8F93-B7E4EEBC3371}.Debug|Any CPU.ActiveCfg = Debug|Any CPU
		{F07EC75A-6CEE-4972-8F93-B7E4EEBC3371}.Debug|Any CPU.Build.0 = Debug|Any CPU
		{F07EC75A-6CEE-4972-8F93-B7E4EEBC3371}.rDebug|Any CPU.ActiveCfg = rDebug|Any CPU
		{F07EC75A-6CEE-4972-8F93-B7E4EEBC3371}.rDebug|Any CPU.Build.0 = rDebug|Any CPU
		{F07EC75A-6CEE-4972-8F93-B7E4EEBC3371}.Release|Any CPU.ActiveCfg = Release|Any CPU
		{F07EC75A-6CEE-4972-8F93-B7E4EEBC3371}.Release|Any CPU.Build.0 = Release|Any CPU
		{576FED08-0E25-47FA-B4EE-4A952EE1A191}.DEBUG_A|Any CPU.ActiveCfg = Debug|Any CPU
		{576FED08-0E25-47FA-B4EE-4A952EE1A191}.DEBUG_A|Any CPU.Build.0 = Debug|Any CPU
		{576FED08-0E25-47FA-B4EE-4A952EE1A191}.DEBUG_ALI|Any CPU.ActiveCfg = Debug|Any CPU
		{576FED08-0E25-47FA-B4EE-4A952EE1A191}.DEBUG_ALI|Any CPU.Build.0 = Debug|Any CPU
		{576FED08-0E25-47FA-B4EE-4A952EE1A191}.DEBUG_AND|Any CPU.ActiveCfg = Debug|Any CPU
		{576FED08-0E25-47FA-B4EE-4A952EE1A191}.DEBUG_AND|Any CPU.Build.0 = Debug|Any CPU
		{576FED08-0E25-47FA-B4EE-4A952EE1A191}.DEBUG_B|Any CPU.ActiveCfg = Debug|Any CPU
		{576FED08-0E25-47FA-B4EE-4A952EE1A191}.DEBUG_B|Any CPU.Build.0 = Debug|Any CPU
		{576FED08-0E25-47FA-B4EE-4A952EE1A191}.DEBUG_FAI|Any CPU.ActiveCfg = Debug|Any CPU
		{576FED08-0E25-47FA-B4EE-4A952EE1A191}.DEBUG_FAI|Any CPU.Build.0 = Debug|Any CPU
		{576FED08-0E25-47FA-B4EE-4A952EE1A191}.DEBUG_MUS|Any CPU.ActiveCfg = Debug|Any CPU
		{576FED08-0E25-47FA-B4EE-4A952EE1A191}.DEBUG_MUS|Any CPU.Build.0 = Debug|Any CPU
		{576FED08-0E25-47FA-B4EE-4A952EE1A191}.DEBUG_RAM_SOCIAL|Any CPU.ActiveCfg = Debug|Any CPU
		{576FED08-0E25-47FA-B4EE-4A952EE1A191}.DEBUG_RAM_SOCIAL|Any CPU.Build.0 = Debug|Any CPU
		{576FED08-0E25-47FA-B4EE-4A952EE1A191}.DEBUG_RAM|Any CPU.ActiveCfg = Debug|Any CPU
		{576FED08-0E25-47FA-B4EE-4A952EE1A191}.DEBUG_RAM|Any CPU.Build.0 = Debug|Any CPU
		{576FED08-0E25-47FA-B4EE-4A952EE1A191}.DEBUG_ZUB|Any CPU.ActiveCfg = Debug|Any CPU
		{576FED08-0E25-47FA-B4EE-4A952EE1A191}.DEBUG_ZUB|Any CPU.Build.0 = Debug|Any CPU
		{576FED08-0E25-47FA-B4EE-4A952EE1A191}.Debug|Any CPU.ActiveCfg = Debug|Any CPU
		{576FED08-0E25-47FA-B4EE-4A952EE1A191}.Debug|Any CPU.Build.0 = Debug|Any CPU
		{576FED08-0E25-47FA-B4EE-4A952EE1A191}.rDebug|Any CPU.ActiveCfg = Debug|Any CPU
		{576FED08-0E25-47FA-B4EE-4A952EE1A191}.rDebug|Any CPU.Build.0 = Debug|Any CPU
		{576FED08-0E25-47FA-B4EE-4A952EE1A191}.Release|Any CPU.ActiveCfg = Release|Any CPU
		{576FED08-0E25-47FA-B4EE-4A952EE1A191}.Release|Any CPU.Build.0 = Release|Any CPU
	EndGlobalSection
	GlobalSection(SolutionProperties) = preSolution
		HideSolutionNode = FALSE
	EndGlobalSection
	GlobalSection(ExtensibilityGlobals) = postSolution
		SolutionGuid = {5EDF6D56-1CF3-4FFB-99F8-C733A66C1547}
	EndGlobalSection
EndGlobal
